
Microsoft Visual Studio Solution File, Format Version 12.00
# Visual Studio Version 17
VisualStudioVersion = 17.3.32825.248
MinimumVisualStudioVersion = 10.0.40219.1
Project("{8BC9CEB8-8B4A-11D0-8D11-00A0C91BC942}") = "Week_6_Les", "Week_6_Les\Week_6_Les.vcxproj", "{87FACC94-E5A4-47E0-A307-6B044F139010}"
EndProject
Project("{8BC9CEB8-8B4A-11D0-8D11-00A0C91BC942}") = "Week_6_Opgave_4.20.01", "Week_6_Opgave_4.20.1\Week_6_Opgave_4.20.1.vcxproj", "{FF50334C-DC0F-42E1-B63E-BDD825BFA84A}"
EndProject
Project("{8BC9CEB8-8B4A-11D0-8D11-00A0C91BC942}") = "Week_6_Opgave_4.20.02", "Week_6_Opgave_4.20.02\Week_6_Opgave_4.20.02.vcxproj", "{92E0CA0F-6837-477D-905E-B19FE820B624}"
EndProject
Project("{8BC9CEB8-8B4A-11D0-8D11-00A0C91BC942}") = "Week_6_Opgave_4.20.06", "Week_6_Opgave_4.20.06\Week_6_Opgave_4.20.06.vcxproj", "{BE59ED1B-995A-44EA-B732-ACA6BB4B0EDA}"
EndProject
Project("{8BC9CEB8-8B4A-11D0-8D11-00A0C91BC942}") = "Week_6_Opgave_4.20.08", "Week_6_Opgave_4.20.08\Week_6_Opgave_4.20.08.vcxproj", "{35C2B71C-5490-4585-AF5E-3DC4B69927A7}"
EndProject
Project("{8BC9CEB8-8B4A-11D0-8D11-00A0C91BC942}") = "Week_6_Opgave_4.20.11", "Week_6_Opgave_4.20.11\Week_6_Opgave_4.20.11.vcxproj", "{4BB0F95D-B9B3-4C70-94C2-5670EC97C429}"
EndProject
Project("{8BC9CEB8-8B4A-11D0-8D11-00A0C91BC942}") = "Week_6_Opgave_4.20.15", "Week_6_Opgave_4.20.15\Week_6_Opgave_4.20.15.vcxproj", "{BB2CDE8A-D9C6-4417-8B68-2585C6B8F809}"
EndProject
Global
	GlobalSection(SolutionConfigurationPlatforms) = preSolution
		Debug|x64 = Debug|x64
		Debug|x86 = Debug|x86
		Release|x64 = Release|x64
		Release|x86 = Release|x86
	EndGlobalSection
	GlobalSection(ProjectConfigurationPlatforms) = postSolution
		{87FACC94-E5A4-47E0-A307-6B044F139010}.Debug|x64.ActiveCfg = Debug|x64
		{87FACC94-E5A4-47E0-A307-6B044F139010}.Debug|x64.Build.0 = Debug|x64
		{87FACC94-E5A4-47E0-A307-6B044F139010}.Debug|x86.ActiveCfg = Debug|Win32
		{87FACC94-E5A4-47E0-A307-6B044F139010}.Debug|x86.Build.0 = Debug|Win32
		{87FACC94-E5A4-47E0-A307-6B044F139010}.Release|x64.ActiveCfg = Release|x64
		{87FACC94-E5A4-47E0-A307-6B044F139010}.Release|x64.Build.0 = Release|x64
		{87FACC94-E5A4-47E0-A307-6B044F139010}.Release|x86.ActiveCfg = Release|Win32
		{87FACC94-E5A4-47E0-A307-6B044F139010}.Release|x86.Build.0 = Release|Win32
		{FF50334C-DC0F-42E1-B63E-BDD825BFA84A}.Debug|x64.ActiveCfg = Debug|x64
		{FF50334C-DC0F-42E1-B63E-BDD825BFA84A}.Debug|x64.Build.0 = Debug|x64
		{FF50334C-DC0F-42E1-B63E-BDD825BFA84A}.Debug|x86.ActiveCfg = Debug|Win32
		{FF50334C-DC0F-42E1-B63E-BDD825BFA84A}.Debug|x86.Build.0 = Debug|Win32
		{FF50334C-DC0F-42E1-B63E-BDD825BFA84A}.Release|x64.ActiveCfg = Release|x64
		{FF50334C-DC0F-42E1-B63E-BDD825BFA84A}.Release|x64.Build.0 = Release|x64
		{FF50334C-DC0F-42E1-B63E-BDD825BFA84A}.Release|x86.ActiveCfg = Release|Win32
		{FF50334C-DC0F-42E1-B63E-BDD825BFA84A}.Release|x86.Build.0 = Release|Win32
		{92E0CA0F-6837-477D-905E-B19FE820B624}.Debug|x64.ActiveCfg = Debug|x64
		{92E0CA0F-6837-477D-905E-B19FE820B624}.Debug|x64.Build.0 = Debug|x64
		{92E0CA0F-6837-477D-905E-B19FE820B624}.Debug|x86.ActiveCfg = Debug|Win32
		{92E0CA0F-6837-477D-905E-B19FE820B624}.Debug|x86.Build.0 = Debug|Win32
		{92E0CA0F-6837-477D-905E-B19FE820B624}.Release|x64.ActiveCfg = Release|x64
		{92E0CA0F-6837-477D-905E-B19FE820B624}.Release|x64.Build.0 = Release|x64
		{92E0CA0F-6837-477D-905E-B19FE820B624}.Release|x86.ActiveCfg = Release|Win32
		{92E0CA0F-6837-477D-905E-B19FE820B624}.Release|x86.Build.0 = Release|Win32
		{BE59ED1B-995A-44EA-B732-ACA6BB4B0EDA}.Debug|x64.ActiveCfg = Debug|x64
		{BE59ED1B-995A-44EA-B732-ACA6BB4B0EDA}.Debug|x64.Build.0 = Debug|x64
		{BE59ED1B-995A-44EA-B732-ACA6BB4B0EDA}.Debug|x86.ActiveCfg = Debug|Win32
		{BE59ED1B-995A-44EA-B732-ACA6BB4B0EDA}.Debug|x86.Build.0 = Debug|Win32
		{BE59ED1B-995A-44EA-B732-ACA6BB4B0EDA}.Release|x64.ActiveCfg = Release|x64
		{BE59ED1B-995A-44EA-B732-ACA6BB4B0EDA}.Release|x64.Build.0 = Release|x64
		{BE59ED1B-995A-44EA-B732-ACA6BB4B0EDA}.Release|x86.ActiveCfg = Release|Win32
		{BE59ED1B-995A-44EA-B732-ACA6BB4B0EDA}.Release|x86.Build.0 = Release|Win32
		{35C2B71C-5490-4585-AF5E-3DC4B69927A7}.Debug|x64.ActiveCfg = Debug|x64
		{35C2B71C-5490-4585-AF5E-3DC4B69927A7}.Debug|x64.Build.0 = Debug|x64
		{35C2B71C-5490-4585-AF5E-3DC4B69927A7}.Debug|x86.ActiveCfg = Debug|Win32
		{35C2B71C-5490-4585-AF5E-3DC4B69927A7}.Debug|x86.Build.0 = Debug|Win32
		{35C2B71C-5490-4585-AF5E-3DC4B69927A7}.Release|x64.ActiveCfg = Release|x64
		{35C2B71C-5490-4585-AF5E-3DC4B69927A7}.Release|x64.Build.0 = Release|x64
		{35C2B71C-5490-4585-AF5E-3DC4B69927A7}.Release|x86.ActiveCfg = Release|Win32
		{35C2B71C-5490-4585-AF5E-3DC4B69927A7}.Release|x86.Build.0 = Release|Win32
		{4BB0F95D-B9B3-4C70-94C2-5670EC97C429}.Debug|x64.ActiveCfg = Debug|x64
		{4BB0F95D-B9B3-4C70-94C2-5670EC97C429}.Debug|x64.Build.0 = Debug|x64
		{4BB0F95D-B9B3-4C70-94C2-5670EC97C429}.Debug|x86.ActiveCfg = Debug|Win32
		{4BB0F95D-B9B3-4C70-94C2-5670EC97C429}.Debug|x86.Build.0 = Debug|Win32
		{4BB0F95D-B9B3-4C70-94C2-5670EC97C429}.Release|x64.ActiveCfg = Release|x64
		{4BB0F95D-B9B3-4C70-94C2-5670EC97C429}.Release|x64.Build.0 = Release|x64
		{4BB0F95D-B9B3-4C70-94C2-5670EC97C429}.Release|x86.ActiveCfg = Release|Win32
		{4BB0F95D-B9B3-4C70-94C2-5670EC97C429}.Release|x86.Build.0 = Release|Win32
		{BB2CDE8A-D9C6-4417-8B68-2585C6B8F809}.Debug|x64.ActiveCfg = Debug|x64
		{BB2CDE8A-D9C6-4417-8B68-2585C6B8F809}.Debug|x64.Build.0 = Debug|x64
		{BB2CDE8A-D9C6-4417-8B68-2585C6B8F809}.Debug|x86.ActiveCfg = Debug|Win32
		{BB2CDE8A-D9C6-4417-8B68-2585C6B8F809}.Debug|x86.Build.0 = Debug|Win32
		{BB2CDE8A-D9C6-4417-8B68-2585C6B8F809}.Release|x64.ActiveCfg = Release|x64
		{BB2CDE8A-D9C6-4417-8B68-2585C6B8F809}.Release|x64.Build.0 = Release|x64
		{BB2CDE8A-D9C6-4417-8B68-2585C6B8F809}.Release|x86.ActiveCfg = Release|Win32
		{BB2CDE8A-D9C6-4417-8B68-2585C6B8F809}.Release|x86.Build.0 = Release|Win32
	EndGlobalSection
	GlobalSection(SolutionProperties) = preSolution
		HideSolutionNode = FALSE
	EndGlobalSection
	GlobalSection(ExtensibilityGlobals) = postSolution
		SolutionGuid = {DD446FD2-03A9-4D6D-83FC-DFCDBCEB2747}
	EndGlobalSection
EndGlobal
